// !$*UTF8*$!
{
	archiveVersion = 1;
	classes = {
	};
	objectVersion = 50;
	objects = {

/* Begin PBXBuildFile section */
		5B055D48208ADDED00FC0C62 /* AppDelegate.m in Sources */ = {isa = PBXBuildFile; fileRef = 5B055D47208ADDED00FC0C62 /* AppDelegate.m */; };
		5B055D4B208ADDED00FC0C62 /* ViewController.m in Sources */ = {isa = PBXBuildFile; fileRef = 5B055D4A208ADDED00FC0C62 /* ViewController.m */; };
		5B055D4E208ADDED00FC0C62 /* Main.storyboard in Resources */ = {isa = PBXBuildFile; fileRef = 5B055D4C208ADDED00FC0C62 /* Main.storyboard */; };
		5B055D50208ADDEF00FC0C62 /* Assets.xcassets in Resources */ = {isa = PBXBuildFile; fileRef = 5B055D4F208ADDEF00FC0C62 /* Assets.xcassets */; };
		5B055D53208ADDEF00FC0C62 /* LaunchScreen.storyboard in Resources */ = {isa = PBXBuildFile; fileRef = 5B055D51208ADDEF00FC0C62 /* LaunchScreen.storyboard */; };
		5B055D56208ADDEF00FC0C62 /* main.m in Sources */ = {isa = PBXBuildFile; fileRef = 5B055D55208ADDEF00FC0C62 /* main.m */; };
		5B055D60208ADDEF00FC0C62 /* ZZHandleTimersTests.m in Sources */ = {isa = PBXBuildFile; fileRef = 5B055D5F208ADDEF00FC0C62 /* ZZHandleTimersTests.m */; };
		5B055D6B208ADDEF00FC0C62 /* ZZHandleTimersUITests.m in Sources */ = {isa = PBXBuildFile; fileRef = 5B055D6A208ADDEF00FC0C62 /* ZZHandleTimersUITests.m */; };
		5B055D7A208ADE4F00FC0C62 /* ZZCountDownManger.m in Sources */ = {isa = PBXBuildFile; fileRef = 5B055D79208ADE4F00FC0C62 /* ZZCountDownManger.m */; };
		5B055D7D208AE28E00FC0C62 /* ZZTimerCell.m in Sources */ = {isa = PBXBuildFile; fileRef = 5B055D7C208AE28E00FC0C62 /* ZZTimerCell.m */; };
/* End PBXBuildFile section */

/* Begin PBXContainerItemProxy section */
		5B055D5C208ADDEF00FC0C62 /* PBXContainerItemProxy */ = {
			isa = PBXContainerItemProxy;
			containerPortal = 5B055D3B208ADDED00FC0C62 /* Project object */;
			proxyType = 1;
			remoteGlobalIDString = 5B055D42208ADDED00FC0C62;
			remoteInfo = ZZHandleTimers;
		};
		5B055D67208ADDEF00FC0C62 /* PBXContainerItemProxy */ = {
			isa = PBXContainerItemProxy;
			containerPortal = 5B055D3B208ADDED00FC0C62 /* Project object */;
			proxyType = 1;
			remoteGlobalIDString = 5B055D42208ADDED00FC0C62;
			remoteInfo = ZZHandleTimers;
		};
/* End PBXContainerItemProxy section */

/* Begin PBXFileReference section */
		5B055D43208ADDED00FC0C62 /* ZZHandleTimers.app */ = {isa = PBXFileReference; explicitFileType = wrapper.application; includeInIndex = 0; path = ZZHandleTimers.app; sourceTree = BUILT_PRODUCTS_DIR; };
		5B055D46208ADDED00FC0C62 /* AppDelegate.h */ = {isa = PBXFileReference; lastKnownFileType = sourcecode.c.h; path = AppDelegate.h; sourceTree = "<group>"; };
		5B055D47208ADDED00FC0C62 /* AppDelegate.m */ = {isa = PBXFileReference; lastKnownFileType = sourcecode.c.objc; path = AppDelegate.m; sourceTree = "<group>"; };
		5B055D49208ADDED00FC0C62 /* ViewController.h */ = {isa = PBXFileReference; lastKnownFileType = sourcecode.c.h; path = ViewController.h; sourceTree = "<group>"; };
		5B055D4A208ADDED00FC0C62 /* ViewController.m */ = {isa = PBXFileReference; lastKnownFileType = sourcecode.c.objc; path = ViewController.m; sourceTree = "<group>"; };
		5B055D4D208ADDED00FC0C62 /* Base */ = {isa = PBXFileReference; lastKnownFileType = file.storyboard; name = Base; path = Base.lproj/Main.storyboard; sourceTree = "<group>"; };
		5B055D4F208ADDEF00FC0C62 /* Assets.xcassets */ = {isa = PBXFileReference; lastKnownFileType = folder.assetcatalog; path = Assets.xcassets; sourceTree = "<group>"; };
		5B055D52208ADDEF00FC0C62 /* Base */ = {isa = PBXFileReference; lastKnownFileType = file.storyboard; name = Base; path = Base.lproj/LaunchScreen.storyboard; sourceTree = "<group>"; };
		5B055D54208ADDEF00FC0C62 /* Info.plist */ = {isa = PBXFileReference; lastKnownFileType = text.plist.xml; path = Info.plist; sourceTree = "<group>"; };
		5B055D55208ADDEF00FC0C62 /* main.m */ = {isa = PBXFileReference; lastKnownFileType = sourcecode.c.objc; path = main.m; sourceTree = "<group>"; };
		5B055D5B208ADDEF00FC0C62 /* ZZHandleTimersTests.xctest */ = {isa = PBXFileReference; explicitFileType = wrapper.cfbundle; includeInIndex = 0; path = ZZHandleTimersTests.xctest; sourceTree = BUILT_PRODUCTS_DIR; };
		5B055D5F208ADDEF00FC0C62 /* ZZHandleTimersTests.m */ = {isa = PBXFileReference; lastKnownFileType = sourcecode.c.objc; path = ZZHandleTimersTests.m; sourceTree = "<group>"; };
		5B055D61208ADDEF00FC0C62 /* Info.plist */ = {isa = PBXFileReference; lastKnownFileType = text.plist.xml; path = Info.plist; sourceTree = "<group>"; };
		5B055D66208ADDEF00FC0C62 /* ZZHandleTimersUITests.xctest */ = {isa = PBXFileReference; explicitFileType = wrapper.cfbundle; includeInIndex = 0; path = ZZHandleTimersUITests.xctest; sourceTree = BUILT_PRODUCTS_DIR; };
		5B055D6A208ADDEF00FC0C62 /* ZZHandleTimersUITests.m */ = {isa = PBXFileReference; lastKnownFileType = sourcecode.c.objc; path = ZZHandleTimersUITests.m; sourceTree = "<group>"; };
		5B055D6C208ADDEF00FC0C62 /* Info.plist */ = {isa = PBXFileReference; lastKnownFileType = text.plist.xml; path = Info.plist; sourceTree = "<group>"; };
		5B055D78208ADE4F00FC0C62 /* ZZCountDownManger.h */ = {isa = PBXFileReference; lastKnownFileType = sourcecode.c.h; path = ZZCountDownManger.h; sourceTree = "<group>"; };
		5B055D79208ADE4F00FC0C62 /* ZZCountDownManger.m */ = {isa = PBXFileReference; lastKnownFileType = sourcecode.c.objc; path = ZZCountDownManger.m; sourceTree = "<group>"; };
		5B055D7B208AE28E00FC0C62 /* ZZTimerCell.h */ = {isa = PBXFileReference; lastKnownFileType = sourcecode.c.h; path = ZZTimerCell.h; sourceTree = "<group>"; };
		5B055D7C208AE28E00FC0C62 /* ZZTimerCell.m */ = {isa = PBXFileReference; lastKnownFileType = sourcecode.c.objc; path = ZZTimerCell.m; sourceTree = "<group>"; };
/* End PBXFileReference section */

/* Begin PBXFrameworksBuildPhase section */
		5B055D40208ADDED00FC0C62 /* Frameworks */ = {
			isa = PBXFrameworksBuildPhase;
			buildActionMask = 2147483647;
			files = (
			);
			runOnlyForDeploymentPostprocessing = 0;
		};
		5B055D58208ADDEF00FC0C62 /* Frameworks */ = {
			isa = PBXFrameworksBuildPhase;
			buildActionMask = 2147483647;
			files = (
			);
			runOnlyForDeploymentPostprocessing = 0;
		};
		5B055D63208ADDEF00FC0C62 /* Frameworks */ = {
			isa = PBXFrameworksBuildPhase;
			buildActionMask = 2147483647;
			files = (
			);
			runOnlyForDeploymentPostprocessing = 0;
		};
/* End PBXFrameworksBuildPhase section */

/* Begin PBXGroup section */
		5B055D3A208ADDED00FC0C62 = {
			isa = PBXGroup;
			children = (
				5B055D45208ADDED00FC0C62 /* ZZHandleTimers */,
				5B055D5E208ADDEF00FC0C62 /* ZZHandleTimersTests */,
				5B055D69208ADDEF00FC0C62 /* ZZHandleTimersUITests */,
				5B055D44208ADDED00FC0C62 /* Products */,
			);
			sourceTree = "<group>";
		};
		5B055D44208ADDED00FC0C62 /* Products */ = {
			isa = PBXGroup;
			children = (
				5B055D43208ADDED00FC0C62 /* ZZHandleTimers.app */,
				5B055D5B208ADDEF00FC0C62 /* ZZHandleTimersTests.xctest */,
				5B055D66208ADDEF00FC0C62 /* ZZHandleTimersUITests.xctest */,
			);
			name = Products;
			sourceTree = "<group>";
		};
		5B055D45208ADDED00FC0C62 /* ZZHandleTimers */ = {
			isa = PBXGroup;
			children = (
				5B055D46208ADDED00FC0C62 /* AppDelegate.h */,
				5B055D47208ADDED00FC0C62 /* AppDelegate.m */,
				5B055D49208ADDED00FC0C62 /* ViewController.h */,
				5B055D4A208ADDED00FC0C62 /* ViewController.m */,
				5B055D78208ADE4F00FC0C62 /* ZZCountDownManger.h */,
				5B055D79208ADE4F00FC0C62 /* ZZCountDownManger.m */,
				5B055D7B208AE28E00FC0C62 /* ZZTimerCell.h */,
				5B055D7C208AE28E00FC0C62 /* ZZTimerCell.m */,
				5B055D4C208ADDED00FC0C62 /* Main.storyboard */,
				5B055D4F208ADDEF00FC0C62 /* Assets.xcassets */,
				5B055D51208ADDEF00FC0C62 /* LaunchScreen.storyboard */,
				5B055D54208ADDEF00FC0C62 /* Info.plist */,
				5B055D55208ADDEF00FC0C62 /* main.m */,
			);
			path = ZZHandleTimers;
			sourceTree = "<group>";
		};
		5B055D5E208ADDEF00FC0C62 /* ZZHandleTimersTests */ = {
			isa = PBXGroup;
			children = (
				5B055D5F208ADDEF00FC0C62 /* ZZHandleTimersTests.m */,
				5B055D61208ADDEF00FC0C62 /* Info.plist */,
			);
			path = ZZHandleTimersTests;
			sourceTree = "<group>";
		};
		5B055D69208ADDEF00FC0C62 /* ZZHandleTimersUITests */ = {
			isa = PBXGroup;
			children = (
				5B055D6A208ADDEF00FC0C62 /* ZZHandleTimersUITests.m */,
				5B055D6C208ADDEF00FC0C62 /* Info.plist */,
			);
			path = ZZHandleTimersUITests;
			sourceTree = "<group>";
		};
/* End PBXGroup section */

/* Begin PBXNativeTarget section */
		5B055D42208ADDED00FC0C62 /* ZZHandleTimers */ = {
			isa = PBXNativeTarget;
			buildConfigurationList = 5B055D6F208ADDEF00FC0C62 /* Build configuration list for PBXNativeTarget "ZZHandleTimers" */;
			buildPhases = (
				5B055D3F208ADDED00FC0C62 /* Sources */,
				5B055D40208ADDED00FC0C62 /* Frameworks */,
				5B055D41208ADDED00FC0C62 /* Resources */,
			);
			buildRules = (
			);
			dependencies = (
			);
			name = ZZHandleTimers;
			productName = ZZHandleTimers;
			productReference = 5B055D43208ADDED00FC0C62 /* ZZHandleTimers.app */;
			productType = "com.apple.product-type.application";
		};
		5B055D5A208ADDEF00FC0C62 /* ZZHandleTimersTests */ = {
			isa = PBXNativeTarget;
			buildConfigurationList = 5B055D72208ADDEF00FC0C62 /* Build configuration list for PBXNativeTarget "ZZHandleTimersTests" */;
			buildPhases = (
				5B055D57208ADDEF00FC0C62 /* Sources */,
				5B055D58208ADDEF00FC0C62 /* Frameworks */,
				5B055D59208ADDEF00FC0C62 /* Resources */,
			);
			buildRules = (
			);
			dependencies = (
				5B055D5D208ADDEF00FC0C62 /* PBXTargetDependency */,
			);
			name = ZZHandleTimersTests;
			productName = ZZHandleTimersTests;
			productReference = 5B055D5B208ADDEF00FC0C62 /* ZZHandleTimersTests.xctest */;
			productType = "com.apple.product-type.bundle.unit-test";
		};
		5B055D65208ADDEF00FC0C62 /* ZZHandleTimersUITests */ = {
			isa = PBXNativeTarget;
			buildConfigurationList = 5B055D75208ADDEF00FC0C62 /* Build configuration list for PBXNativeTarget "ZZHandleTimersUITests" */;
			buildPhases = (
				5B055D62208ADDEF00FC0C62 /* Sources */,
				5B055D63208ADDEF00FC0C62 /* Frameworks */,
				5B055D64208ADDEF00FC0C62 /* Resources */,
			);
			buildRules = (
			);
			dependencies = (
				5B055D68208ADDEF00FC0C62 /* PBXTargetDependency */,
			);
			name = ZZHandleTimersUITests;
			productName = ZZHandleTimersUITests;
			productReference = 5B055D66208ADDEF00FC0C62 /* ZZHandleTimersUITests.xctest */;
			productType = "com.apple.product-type.bundle.ui-testing";
		};
/* End PBXNativeTarget section */

/* Begin PBXProject section */
		5B055D3B208ADDED00FC0C62 /* Project object */ = {
			isa = PBXProject;
			attributes = {
				LastUpgradeCheck = 0930;
				ORGANIZATIONNAME = zry;
				TargetAttributes = {
					5B055D42208ADDED00FC0C62 = {
						CreatedOnToolsVersion = 9.3;
					};
					5B055D5A208ADDEF00FC0C62 = {
						CreatedOnToolsVersion = 9.3;
						TestTargetID = 5B055D42208ADDED00FC0C62;
					};
					5B055D65208ADDEF00FC0C62 = {
						CreatedOnToolsVersion = 9.3;
						TestTargetID = 5B055D42208ADDED00FC0C62;
					};
				};
			};
			buildConfigurationList = 5B055D3E208ADDED00FC0C62 /* Build configuration list for PBXProject "ZZHandleTimers" */;
			compatibilityVersion = "Xcode 9.3";
			developmentRegion = en;
			hasScannedForEncodings = 0;
			knownRegions = (
				en,
				Base,
			);
			mainGroup = 5B055D3A208ADDED00FC0C62;
			productRefGroup = 5B055D44208ADDED00FC0C62 /* Products */;
			projectDirPath = "";
			projectRoot = "";
			targets = (
				5B055D42208ADDED00FC0C62 /* ZZHandleTimers */,
				5B055D5A208ADDEF00FC0C62 /* ZZHandleTimersTests */,
				5B055D65208ADDEF00FC0C62 /* ZZHandleTimersUITests */,
			);
		};
/* End PBXProject section */

/* Begin PBXResourcesBuildPhase section */
		5B055D41208ADDED00FC0C62 /* Resources */ = {
			isa = PBXResourcesBuildPhase;
			buildActionMask = 2147483647;
			files = (
				5B055D53208ADDEF00FC0C62 /* LaunchScreen.storyboard in Resources */,
				5B055D50208ADDEF00FC0C62 /* Assets.xcassets in Resources */,
				5B055D4E208ADDED00FC0C62 /* Main.storyboard in Resources */,
			);
			runOnlyForDeploymentPostprocessing = 0;
		};
		5B055D59208ADDEF00FC0C62 /* Resources */ = {
			isa = PBXResourcesBuildPhase;
			buildActionMask = 2147483647;
			files = (
			);
			runOnlyForDeploymentPostprocessing = 0;
		};
		5B055D64208ADDEF00FC0C62 /* Resources */ = {
			isa = PBXResourcesBuildPhase;
			buildActionMask = 2147483647;
			files = (
			);
			runOnlyForDeploymentPostprocessing = 0;
		};
/* End PBXResourcesBuildPhase section */

/* Begin PBXSourcesBuildPhase section */
		5B055D3F208ADDED00FC0C62 /* Sources */ = {
			isa = PBXSourcesBuildPhase;
			buildActionMask = 2147483647;
			files = (
				5B055D4B208ADDED00FC0C62 /* ViewController.m in Sources */,
				5B055D7A208ADE4F00FC0C62 /* ZZCountDownManger.m in Sources */,
				5B055D56208ADDEF00FC0C62 /* main.m in Sources */,
				5B055D7D208AE28E00FC0C62 /* ZZTimerCell.m in Sources */,
				5B055D48208ADDED00FC0C62 /* AppDelegate.m in Sources */,
			);
			runOnlyForDeploymentPostprocessing = 0;
		};
		5B055D57208ADDEF00FC0C62 /* Sources */ = {
			isa = PBXSourcesBuildPhase;
			buildActionMask = 2147483647;
			files = (
				5B055D60208ADDEF00FC0C62 /* ZZHandleTimersTests.m in Sources */,
			);
			runOnlyForDeploymentPostprocessing = 0;
		};
		5B055D62208ADDEF00FC0C62 /* Sources */ = {
			isa = PBXSourcesBuildPhase;
			buildActionMask = 2147483647;
			files = (
				5B055D6B208ADDEF00FC0C62 /* ZZHandleTimersUITests.m in Sources */,
			);
			runOnlyForDeploymentPostprocessing = 0;
		};
/* End PBXSourcesBuildPhase section */

/* Begin PBXTargetDependency section */
		5B055D5D208ADDEF00FC0C62 /* PBXTargetDependency */ = {
			isa = PBXTargetDependency;
			target = 5B055D42208ADDED00FC0C62 /* ZZHandleTimers */;
			targetProxy = 5B055D5C208ADDEF00FC0C62 /* PBXContainerItemProxy */;
		};
		5B055D68208ADDEF00FC0C62 /* PBXTargetDependency */ = {
			isa = PBXTargetDependency;
			target = 5B055D42208ADDED00FC0C62 /* ZZHandleTimers */;
			targetProxy = 5B055D67208ADDEF00FC0C62 /* PBXContainerItemProxy */;
		};
/* End PBXTargetDependency section */

/* Begin PBXVariantGroup section */
		5B055D4C208ADDED00FC0C62 /* Main.storyboard */ = {
			isa = PBXVariantGroup;
			children = (
				5B055D4D208ADDED00FC0C62 /* Base */,
			);
			name = Main.storyboard;
			sourceTree = "<group>";
		};
		5B055D51208ADDEF00FC0C62 /* LaunchScreen.storyboard */ = {
			isa = PBXVariantGroup;
			children = (
				5B055D52208ADDEF00FC0C62 /* Base */,
			);
			name = LaunchScreen.storyboard;
			sourceTree = "<group>";
		};
/* End PBXVariantGroup section */

/* Begin XCBuildConfiguration section */
		5B055D6D208ADDEF00FC0C62 /* Debug */ = {
			isa = XCBuildConfiguration;
			buildSettings = {
				ALWAYS_SEARCH_USER_PATHS = NO;
				CLANG_ANALYZER_NONNULL = YES;
				CLANG_ANALYZER_NUMBER_OBJECT_CONVERSION = YES_AGGRESSIVE;
				CLANG_CXX_LANGUAGE_STANDARD = "gnu++14";
				CLANG_CXX_LIBRARY = "libc++";
				CLANG_ENABLE_MODULES = YES;
				CLANG_ENABLE_OBJC_ARC = YES;
				CLANG_ENABLE_OBJC_WEAK = YES;
				CLANG_WARN_BLOCK_CAPTURE_AUTORELEASING = YES;
				CLANG_WARN_BOOL_CONVERSION = YES;
				CLANG_WARN_COMMA = YES;
				CLANG_WARN_CONSTANT_CONVERSION = YES;
				CLANG_WARN_DEPRECATED_OBJC_IMPLEMENTATIONS = YES;
				CLANG_WARN_DIRECT_OBJC_ISA_USAGE = YES_ERROR;
				CLANG_WARN_DOCUMENTATION_COMMENTS = YES;
				CLANG_WARN_EMPTY_BODY = YES;
				CLANG_WARN_ENUM_CONVERSION = YES;
				CLANG_WARN_INFINITE_RECURSION = YES;
				CLANG_WARN_INT_CONVERSION = YES;
				CLANG_WARN_NON_LITERAL_NULL_CONVERSION = YES;
				CLANG_WARN_OBJC_IMPLICIT_RETAIN_SELF = YES;
				CLANG_WARN_OBJC_LITERAL_CONVERSION = YES;
				CLANG_WARN_OBJC_ROOT_CLASS = YES_ERROR;
				CLANG_WARN_RANGE_LOOP_ANALYSIS = YES;
				CLANG_WARN_STRICT_PROTOTYPES = YES;
				CLANG_WARN_SUSPICIOUS_MOVE = YES;
				CLANG_WARN_UNGUARDED_AVAILABILITY = YES_AGGRESSIVE;
				CLANG_WARN_UNREACHABLE_CODE = YES;
				CLANG_WARN__DUPLICATE_METHOD_MATCH = YES;
				CODE_SIGN_IDENTITY = "iPhone Developer";
				COPY_PHASE_STRIP = NO;
				DEBUG_INFORMATION_FORMAT = dwarf;
				ENABLE_STRICT_OBJC_MSGSEND = YES;
				ENABLE_TESTABILITY = YES;
				GCC_C_LANGUAGE_STANDARD = gnu11;
				GCC_DYNAMIC_NO_PIC = NO;
				GCC_NO_COMMON_BLOCKS = YES;
				GCC_OPTIMIZATION_LEVEL = 0;
				GCC_PREPROCESSOR_DEFINITIONS = (
					"DEBUG=1",
					"$(inherited)",
				);
				GCC_WARN_64_TO_32_BIT_CONVERSION = YES;
				GCC_WARN_ABOUT_RETURN_TYPE = YES_ERROR;
				GCC_WARN_UNDECLARED_SELECTOR = YES;
				GCC_WARN_UNINITIALIZED_AUTOS = YES_AGGRESSIVE;
				GCC_WARN_UNUSED_FUNCTION = YES;
				GCC_WARN_UNUSED_VARIABLE = YES;
				IPHONEOS_DEPLOYMENT_TARGET = 11.3;
				MTL_ENABLE_DEBUG_INFO = YES;
				ONLY_ACTIVE_ARCH = YES;
				SDKROOT = iphoneos;
			};
			name = Debug;
		};
		5B055D6E208ADDEF00FC0C62 /* Release */ = {
			isa = XCBuildConfiguration;
			buildSettings = {
				ALWAYS_SEARCH_USER_PATHS = NO;
				CLANG_ANALYZER_NONNULL = YES;
				CLANG_ANALYZER_NUMBER_OBJECT_CONVERSION = YES_AGGRESSIVE;
				CLANG_CXX_LANGUAGE_STANDARD = "gnu++14";
				CLANG_CXX_LIBRARY = "libc++";
				CLANG_ENABLE_MODULES = YES;
				CLANG_ENABLE_OBJC_ARC = YES;
				CLANG_ENABLE_OBJC_WEAK = YES;
				CLANG_WARN_BLOCK_CAPTURE_AUTORELEASING = YES;
				CLANG_WARN_BOOL_CONVERSION = YES;
				CLANG_WARN_COMMA = YES;
				CLANG_WARN_CONSTANT_CONVERSION = YES;
				CLANG_WARN_DEPRECATED_OBJC_IMPLEMENTATIONS = YES;
				CLANG_WARN_DIRECT_OBJC_ISA_USAGE = YES_ERROR;
				CLANG_WARN_DOCUMENTATION_COMMENTS = YES;
				CLANG_WARN_EMPTY_BODY = YES;
				CLANG_WARN_ENUM_CONVERSION = YES;
				CLANG_WARN_INFINITE_RECURSION = YES;
				CLANG_WARN_INT_CONVERSION = YES;
				CLANG_WARN_NON_LITERAL_NULL_CONVERSION = YES;
				CLANG_WARN_OBJC_IMPLICIT_RETAIN_SELF = YES;
				CLANG_WARN_OBJC_LITERAL_CONVERSION = YES;
				CLANG_WARN_OBJC_ROOT_CLASS = YES_ERROR;
				CLANG_WARN_RANGE_LOOP_ANALYSIS = YES;
				CLANG_WARN_STRICT_PROTOTYPES = YES;
				CLANG_WARN_SUSPICIOUS_MOVE = YES;
				CLANG_WARN_UNGUARDED_AVAILABILITY = YES_AGGRESSIVE;
				CLANG_WARN_UNREACHABLE_CODE = YES;
				CLANG_WARN__DUPLICATE_METHOD_MATCH = YES;
				CODE_SIGN_IDENTITY = "iPhone Developer";
				COPY_PHASE_STRIP = NO;
				DEBUG_INFORMATION_FORMAT = "dwarf-with-dsym";
				ENABLE_NS_ASSERTIONS = NO;
				ENABLE_STRICT_OBJC_MSGSEND = YES;
				GCC_C_LANGUAGE_STANDARD = gnu11;
				GCC_NO_COMMON_BLOCKS = YES;
				GCC_WARN_64_TO_32_BIT_CONVERSION = YES;
				GCC_WARN_ABOUT_RETURN_TYPE = YES_ERROR;
				GCC_WARN_UNDECLARED_SELECTOR = YES;
				GCC_WARN_UNINITIALIZED_AUTOS = YES_AGGRESSIVE;
				GCC_WARN_UNUSED_FUNCTION = YES;
				GCC_WARN_UNUSED_VARIABLE = YES;
				IPHONEOS_DEPLOYMENT_TARGET = 11.3;
				MTL_ENABLE_DEBUG_INFO = NO;
				SDKROOT = iphoneos;
				VALIDATE_PRODUCT = YES;
			};
			name = Release;
		};
		5B055D70208ADDEF00FC0C62 /* Debug */ = {
			isa = XCBuildConfiguration;
			buildSettings = {
				ASSETCATALOG_COMPILER_APPICON_NAME = AppIcon;
				CODE_SIGN_STYLE = Automatic;
				INFOPLIST_FILE = ZZHandleTimers/Info.plist;
				LD_RUNPATH_SEARCH_PATHS = (
					"$(inherited)",
					"@executable_path/Frameworks",
				);
				PRODUCT_BUNDLE_IDENTIFIER = zry.ZZHandleTimers;
				PRODUCT_NAME = "$(TARGET_NAME)";
				TARGETED_DEVICE_FAMILY = "1,2";
			};
			name = Debug;
		};
		5B055D71208ADDEF00FC0C62 /* Release */ = {
			isa = XCBuildConfiguration;
			buildSettings = {
				ASSETCATALOG_COMPILER_APPICON_NAME = AppIcon;
				CODE_SIGN_STYLE = Automatic;
				INFOPLIST_FILE = ZZHandleTimers/Info.plist;
				LD_RUNPATH_SEARCH_PATHS = (
					"$(inherited)",
					"@executable_path/Frameworks",
				);
				PRODUCT_BUNDLE_IDENTIFIER = zry.ZZHandleTimers;
				PRODUCT_NAME = "$(TARGET_NAME)";
				TARGETED_DEVICE_FAMILY = "1,2";
			};
			name = Release;
		};
		5B055D73208ADDEF00FC0C62 /* Debug */ = {
			isa = XCBuildConfiguration;
			buildSettings = {
				BUNDLE_LOADER = "$(TEST_HOST)";
				CODE_SIGN_STYLE = Automatic;
				INFOPLIST_FILE = ZZHandleTimersTests/Info.plist;
				LD_RUNPATH_SEARCH_PATHS = (
					"$(inherited)",
					"@executable_path/Frameworks",
					"@loader_path/Frameworks",
				);
				PRODUCT_BUNDLE_IDENTIFIER = zry.ZZHandleTimersTests;
				PRODUCT_NAME = "$(TARGET_NAME)";
				TARGETED_DEVICE_FAMILY = "1,2";
				TEST_HOST = "$(BUILT_PRODUCTS_DIR)/ZZHandleTimers.app/ZZHandleTimers";
			};
			name = Debug;
		};
		5B055D74208ADDEF00FC0C62 /* Release */ = {
			isa = XCBuildConfiguration;
			buildSettings = {
				BUNDLE_LOADER = "$(TEST_HOST)";
				CODE_SIGN_STYLE = Automatic;
				INFOPLIST_FILE = ZZHandleTimersTests/Info.plist;
				LD_RUNPATH_SEARCH_PATHS = (
					"$(inherited)",
					"@executable_path/Frameworks",
					"@loader_path/Frameworks",
				);
				PRODUCT_BUNDLE_IDENTIFIER = zry.ZZHandleTimersTests;
				PRODUCT_NAME = "$(TARGET_NAME)";
				TARGETED_DEVICE_FAMILY = "1,2";
				TEST_HOST = "$(BUILT_PRODUCTS_DIR)/ZZHandleTimers.app/ZZHandleTimers";
			};
			name = Release;
		};
		5B055D76208ADDEF00FC0C62 /* Debug */ = {
			isa = XCBuildConfiguration;
			buildSettings = {
				CODE_SIGN_STYLE = Automatic;
				INFOPLIST_FILE = ZZHandleTimersUITests/Info.plist;
				LD_RUNPATH_SEARCH_PATHS = (
					"$(inherited)",
					"@executable_path/Frameworks",
					"@loader_path/Frameworks",
				);
				PRODUCT_BUNDLE_IDENTIFIER = zry.ZZHandleTimersUITests;
				PRODUCT_NAME = "$(TARGET_NAME)";
				TARGETED_DEVICE_FAMILY = "1,2";
				TEST_TARGET_NAME = ZZHandleTimers;
			};
			name = Debug;
		};
		5B055D77208ADDEF00FC0C62 /* Release */ = {
			isa = XCBuildConfiguration;
			buildSettings = {
				CODE_SIGN_STYLE = Automatic;
				INFOPLIST_FILE = ZZHandleTimersUITests/Info.plist;
				LD_RUNPATH_SEARCH_PATHS = (
					"$(inherited)",
					"@executable_path/Frameworks",
					"@loader_path/Frameworks",
				);
				PRODUCT_BUNDLE_IDENTIFIER = zry.ZZHandleTimersUITests;
				PRODUCT_NAME = "$(TARGET_NAME)";
				TARGETED_DEVICE_FAMILY = "1,2";
				TEST_TARGET_NAME = ZZHandleTimers;
			};
			name = Release;
		};
/* End XCBuildConfiguration section */

/* Begin XCConfigurationList section */
		5B055D3E208ADDED00FC0C62 /* Build configuration list for PBXProject "ZZHandleTimers" */ = {
			isa = XCConfigurationList;
			buildConfigurations = (
				5B055D6D208ADDEF00FC0C62 /* Debug */,
				5B055D6E208ADDEF00FC0C62 /* Release */,
			);
			defaultConfigurationIsVisible = 0;
			defaultConfigurationName = Release;
		};
		5B055D6F208ADDEF00FC0C62 /* Build configuration list for PBXNativeTarget "ZZHandleTimers" */ = {
			isa = XCConfigurationList;
			buildConfigurations = (
				5B055D70208ADDEF00FC0C62 /* Debug */,
				5B055D71208ADDEF00FC0C62 /* Release */,
			);
			defaultConfigurationIsVisible = 0;
			defaultConfigurationName = Release;
		};
		5B055D72208ADDEF00FC0C62 /* Build configuration list for PBXNativeTarget "ZZHandleTimersTests" */ = {
			isa = XCConfigurationList;
			buildConfigurations = (
				5B055D73208ADDEF00FC0C62 /* Debug */,
				5B055D74208ADDEF00FC0C62 /* Release */,
			);
			defaultConfigurationIsVisible = 0;
			defaultConfigurationName = Release;
		};
		5B055D75208ADDEF00FC0C62 /* Build configuration list for PBXNativeTarget "ZZHandleTimersUITests" */ = {
			isa = XCConfigurationList;
			buildConfigurations = (
				5B055D76208ADDEF00FC0C62 /* Debug */,
				5B055D77208ADDEF00FC0C62 /* Release */,
			);
			defaultConfigurationIsVisible = 0;
			defaultConfigurationName = Release;
		};
/* End XCConfigurationList section */
	};
	rootObject = 5B055D3B208ADDED00FC0C62 /* Project object */;
}
